// !$*UTF8*$!
{
	archiveVersion = 1;
	classes = {
	};
	objectVersion = 46;
	objects = {

/* Begin PBXBuildFile section */
		DC100D841DEA962A00DF8DD2 /* AppDelegate.swift in Sources */ = {isa = PBXBuildFile; fileRef = DC100D831DEA962A00DF8DD2 /* AppDelegate.swift */; };
		DC100D861DEA962A00DF8DD2 /* ViewController.swift in Sources */ = {isa = PBXBuildFile; fileRef = DC100D851DEA962A00DF8DD2 /* ViewController.swift */; };
		DC100D891DEA962A00DF8DD2 /* Main.storyboard in Resources */ = {isa = PBXBuildFile; fileRef = DC100D871DEA962A00DF8DD2 /* Main.storyboard */; };
		DC100D8B1DEA962A00DF8DD2 /* Assets.xcassets in Resources */ = {isa = PBXBuildFile; fileRef = DC100D8A1DEA962A00DF8DD2 /* Assets.xcassets */; };
		DC100D8E1DEA962A00DF8DD2 /* LaunchScreen.storyboard in Resources */ = {isa = PBXBuildFile; fileRef = DC100D8C1DEA962A00DF8DD2 /* LaunchScreen.storyboard */; };
/* End PBXBuildFile section */

/* Begin PBXFileReference section */
		DC100D801DEA962A00DF8DD2 /* HoatCanh.app */ = {isa = PBXFileReference; explicitFileType = wrapper.application; includeInIndex = 0; path = HoatCanh.app; sourceTree = BUILT_PRODUCTS_DIR; };
		DC100D831DEA962A00DF8DD2 /* AppDelegate.swift */ = {isa = PBXFileReference; lastKnownFileType = sourcecode.swift; path = AppDelegate.swift; sourceTree = "<group>"; };
		DC100D851DEA962A00DF8DD2 /* ViewController.swift */ = {isa = PBXFileReference; lastKnownFileType = sourcecode.swift; path = ViewController.swift; sourceTree = "<group>"; };
		DC100D881DEA962A00DF8DD2 /* Base */ = {isa = PBXFileReference; lastKnownFileType = file.storyboard; name = Base; path = Base.lproj/Main.storyboard; sourceTree = "<group>"; };
		DC100D8A1DEA962A00DF8DD2 /* Assets.xcassets */ = {isa = PBXFileReference; lastKnownFileType = folder.assetcatalog; path = Assets.xcassets; sourceTree = "<group>"; };
		DC100D8D1DEA962A00DF8DD2 /* Base */ = {isa = PBXFileReference; lastKnownFileType = file.storyboard; name = Base; path = Base.lproj/LaunchScreen.storyboard; sourceTree = "<group>"; };
		DC100D8F1DEA962A00DF8DD2 /* Info.plist */ = {isa = PBXFileReference; lastKnownFileType = text.plist.xml; path = Info.plist; sourceTree = "<group>"; };
/* End PBXFileReference section */

/* Begin PBXFrameworksBuildPhase section */
		DC100D7D1DEA962A00DF8DD2 /* Frameworks */ = {
			isa = PBXFrameworksBuildPhase;
			buildActionMask = 2147483647;
			files = (
			);
			runOnlyForDeploymentPostprocessing = 0;
		};
/* End PBXFrameworksBuildPhase section */

/* Begin PBXGroup section */
		DC100D771DEA962A00DF8DD2 = {
			isa = PBXGroup;
			children = (
				DC100D821DEA962A00DF8DD2 /* HoatCanh */,
				DC100D811DEA962A00DF8DD2 /* Products */,
			);
			sourceTree = "<group>";
		};
		DC100D811DEA962A00DF8DD2 /* Products */ = {
			isa = PBXGroup;
			children = (
				DC100D801DEA962A00DF8DD2 /* HoatCanh.app */,
			);
			name = Products;
			sourceTree = "<group>";
		};
		DC100D821DEA962A00DF8DD2 /* HoatCanh */ = {
			isa = PBXGroup;
			children = (
				DC100D831DEA962A00DF8DD2 /* AppDelegate.swift */,
				DC100D851DEA962A00DF8DD2 /* ViewController.swift */,
				DC100D871DEA962A00DF8DD2 /* Main.storyboard */,
				DC100D8A1DEA962A00DF8DD2 /* Assets.xcassets */,
				DC100D8C1DEA962A00DF8DD2 /* LaunchScreen.storyboard */,
				DC100D8F1DEA962A00DF8DD2 /* Info.plist */,
			);
			path = HoatCanh;
			sourceTree = "<group>";
		};
/* End PBXGroup section */

/* Begin PBXNativeTarget section */
		DC100D7F1DEA962A00DF8DD2 /* HoatCanh */ = {
			isa = PBXNativeTarget;
			buildConfigurationList = DC100D921DEA962A00DF8DD2 /* Build configuration list for PBXNativeTarget "HoatCanh" */;
			buildPhases = (
				DC100D7C1DEA962A00DF8DD2 /* Sources */,
				DC100D7D1DEA962A00DF8DD2 /* Frameworks */,
				DC100D7E1DEA962A00DF8DD2 /* Resources */,
			);
			buildRules = (
			);
			dependencies = (
			);
			name = HoatCanh;
			productName = HoatCanh;
			productReference = DC100D801DEA962A00DF8DD2 /* HoatCanh.app */;
			productType = "com.apple.product-type.application";
		};
/* End PBXNativeTarget section */

/* Begin PBXProject section */
		DC100D781DEA962A00DF8DD2 /* Project object */ = {
			isa = PBXProject;
			attributes = {
				LastSwiftUpdateCheck = 0810;
				LastUpgradeCheck = 0810;
				ORGANIZATIONNAME = doantuan;
				TargetAttributes = {
					DC100D7F1DEA962A00DF8DD2 = {
						CreatedOnToolsVersion = 8.1;
						DevelopmentTeam = 25ZS53YZR8;
						ProvisioningStyle = Automatic;
					};
				};
			};
			buildConfigurationList = DC100D7B1DEA962A00DF8DD2 /* Build configuration list for PBXProject "HoatCanh" */;
			compatibilityVersion = "Xcode 3.2";
			developmentRegion = English;
			hasScannedForEncodings = 0;
			knownRegions = (
				en,
				Base,
			);
			mainGroup = DC100D771DEA962A00DF8DD2;
			productRefGroup = DC100D811DEA962A00DF8DD2 /* Products */;
			projectDirPath = "";
			projectRoot = "";
			targets = (
				DC100D7F1DEA962A00DF8DD2 /* HoatCanh */,
			);
		};
/* End PBXProject section */

/* Begin PBXResourcesBuildPhase section */
		DC100D7E1DEA962A00DF8DD2 /* Resources */ = {
			isa = PBXResourcesBuildPhase;
			buildActionMask = 2147483647;
			files = (
				DC100D8E1DEA962A00DF8DD2 /* LaunchScreen.storyboard in Resources */,
				DC100D8B1DEA962A00DF8DD2 /* Assets.xcassets in Resources */,
				DC100D891DEA962A00DF8DD2 /* Main.storyboard in Resources */,
			);
			runOnlyForDeploymentPostprocessing = 0;
		};
/* End PBXResourcesBuildPhase section */

/* Begin PBXSourcesBuildPhase section */
		DC100D7C1DEA962A00DF8DD2 /* Sources */ = {
			isa = PBXSourcesBuildPhase;
			buildActionMask = 2147483647;
			files = (
				DC100D861DEA962A00DF8DD2 /* ViewController.swift in Sources */,
				DC100D841DEA962A00DF8DD2 /* AppDelegate.swift in Sources */,
			);
			runOnlyForDeploymentPostprocessing = 0;
		};
/* End PBXSourcesBuildPhase section */

/* Begin PBXVariantGroup section */
		DC100D871DEA962A00DF8DD2 /* Main.storyboard */ = {
			isa = PBXVariantGroup;
			children = (
				DC100D881DEA962A00DF8DD2 /* Base */,
			);
			name = Main.storyboard;
			sourceTree = "<group>";
		};
		DC100D8C1DEA962A00DF8DD2 /* LaunchScreen.storyboard */ = {
			isa = PBXVariantGroup;
			children = (
				DC100D8D1DEA962A00DF8DD2 /* Base */,
			);
			name = LaunchScreen.storyboard;
			sourceTree = "<group>";
		};
/* End PBXVariantGroup section */

/* Begin XCBuildConfiguration section */
		DC100D901DEA962A00DF8DD2 /* Debug */ = {
			isa = XCBuildConfiguration;
			buildSettings = {
				ALWAYS_SEARCH_USER_PATHS = NO;
				CLANG_ANALYZER_NONNULL = YES;
				CLANG_CXX_LANGUAGE_STANDARD = "gnu++0x";
				CLANG_CXX_LIBRARY = "libc++";
				CLANG_ENABLE_MODULES = YES;
				CLANG_ENABLE_OBJC_ARC = YES;
				CLANG_WARN_BOOL_CONVERSION = YES;
				CLANG_WARN_CONSTANT_CONVERSION = YES;
				CLANG_WARN_DIRECT_OBJC_ISA_USAGE = YES_ERROR;
				CLANG_WARN_DOCUMENTATION_COMMENTS = YES;
				CLANG_WARN_EMPTY_BODY = YES;
				CLANG_WARN_ENUM_CONVERSION = YES;
				CLANG_WARN_INFINITE_RECURSION = YES;
				CLANG_WARN_INT_CONVERSION = YES;
				CLANG_WARN_OBJC_ROOT_CLASS = YES_ERROR;
				CLANG_WARN_SUSPICIOUS_MOVES = YES;
				CLANG_WARN_UNREACHABLE_CODE = YES;
				CLANG_WARN__DUPLICATE_METHOD_MATCH = YES;
				"CODE_SIGN_IDENTITY[sdk=iphoneos*]" = "iPhone Developer";
				COPY_PHASE_STRIP = NO;
				DEBUG_INFORMATION_FORMAT = dwarf;
				ENABLE_STRICT_OBJC_MSGSEND = YES;
				ENABLE_TESTABILITY = YES;
				GCC_C_LANGUAGE_STANDARD = gnu99;
				GCC_DYNAMIC_NO_PIC = NO;
				GCC_NO_COMMON_BLOCKS = YES;
				GCC_OPTIMIZATION_LEVEL = 0;
				GCC_PREPROCESSOR_DEFINITIONS = (
					"DEBUG=1",
					"$(inherited)",
				);
				GCC_WARN_64_TO_32_BIT_CONVERSION = YES;
				GCC_WARN_ABOUT_RETURN_TYPE = YES_ERROR;
				GCC_WARN_UNDECLARED_SELECTOR = YES;
				GCC_WARN_UNINITIALIZED_AUTOS = YES_AGGRESSIVE;
				GCC_WARN_UNUSED_FUNCTION = YES;
				GCC_WARN_UNUSED_VARIABLE = YES;
				IPHONEOS_DEPLOYMENT_TARGET = 10.1;
				MTL_ENABLE_DEBUG_INFO = YES;
				ONLY_ACTIVE_ARCH = YES;
				SDKROOT = iphoneos;
				SWIFT_ACTIVE_COMPILATION_CONDITIONS = DEBUG;
				SWIFT_OPTIMIZATION_LEVEL = "-Onone";
			};
			name = Debug;
		};
		DC100D911DEA962A00DF8DD2 /* Release */ = {
			isa = XCBuildConfiguration;
			buildSettings = {
				ALWAYS_SEARCH_USER_PATHS = NO;
				CLANG_ANALYZER_NONNULL = YES;
				CLANG_CXX_LANGUAGE_STANDARD = "gnu++0x";
				CLANG_CXX_LIBRARY = "libc++";
				CLANG_ENABLE_MODULES = YES;
				CLANG_ENABLE_OBJC_ARC = YES;
				CLANG_WARN_BOOL_CONVERSION = YES;
				CLANG_WARN_CONSTANT_CONVERSION = YES;
				CLANG_WARN_DIRECT_OBJC_ISA_USAGE = YES_ERROR;
				CLANG_WARN_DOCUMENTATION_COMMENTS = YES;
				CLANG_WARN_EMPTY_BODY = YES;
				CLANG_WARN_ENUM_CONVERSION = YES;
				CLANG_WARN_INFINITE_RECURSION = YES;
				CLANG_WARN_INT_CONVERSION = YES;
				CLANG_WARN_OBJC_ROOT_CLASS = YES_ERROR;
				CLANG_WARN_SUSPICIOUS_MOVES = YES;
				CLANG_WARN_UNREACHABLE_CODE = YES;
				CLANG_WARN__DUPLICATE_METHOD_MATCH = YES;
				"CODE_SIGN_IDENTITY[sdk=iphoneos*]" = "iPhone Developer";
				COPY_PHASE_STRIP = NO;
				DEBUG_INFORMATION_FORMAT = "dwarf-with-dsym";
				ENABLE_NS_ASSERTIONS = NO;
				ENABLE_STRICT_OBJC_MSGSEND = YES;
				GCC_C_LANGUAGE_STANDARD = gnu99;
				GCC_NO_COMMON_BLOCKS = YES;
				GCC_WARN_64_TO_32_BIT_CONVERSION = YES;
				GCC_WARN_ABOUT_RETURN_TYPE = YES_ERROR;
				GCC_WARN_UNDECLARED_SELECTOR = YES;
				GCC_WARN_UNINITIALIZED_AUTOS = YES_AGGRESSIVE;
				GCC_WARN_UNUSED_FUNCTION = YES;
				GCC_WARN_UNUSED_VARIABLE = YES;
				IPHONEOS_DEPLOYMENT_TARGET = 10.1;
				MTL_ENABLE_DEBUG_INFO = NO;
				SDKROOT = iphoneos;
				SWIFT_OPTIMIZATION_LEVEL = "-Owholemodule";
				VALIDATE_PRODUCT = YES;
			};
			name = Release;
		};
		DC100D931DEA962A00DF8DD2 /* Debug */ = {
			isa = XCBuildConfiguration;
			buildSettings = {
				ASSETCATALOG_COMPILER_APPICON_NAME = AppIcon;
				DEVELOPMENT_TEAM = 25ZS53YZR8;
				INFOPLIST_FILE = HoatCanh/Info.plist;
				LD_RUNPATH_SEARCH_PATHS = "$(inherited) @executable_path/Frameworks";
				PRODUCT_BUNDLE_IDENTIFIER = doantuan.HoatCanh;
				PRODUCT_NAME = "$(TARGET_NAME)";
				SWIFT_VERSION = 3.0;
			};
			name = Debug;
		};
		DC100D941DEA962A00DF8DD2 /* Release */ = {
			isa = XCBuildConfiguration;
			buildSettings = {
				ASSETCATALOG_COMPILER_APPICON_NAME = AppIcon;
				DEVELOPMENT_TEAM = 25ZS53YZR8;
				INFOPLIST_FILE = HoatCanh/Info.plist;
				LD_RUNPATH_SEARCH_PATHS = "$(inherited) @executable_path/Frameworks";
				PRODUCT_BUNDLE_IDENTIFIER = doantuan.HoatCanh;
				PRODUCT_NAME = "$(TARGET_NAME)";
				SWIFT_VERSION = 3.0;
			};
			name = Release;
		};
/* End XCBuildConfiguration section */

/* Begin XCConfigurationList section */
		DC100D7B1DEA962A00DF8DD2 /* Build configuration list for PBXProject "HoatCanh" */ = {
			isa = XCConfigurationList;
			buildConfigurations = (
				DC100D901DEA962A00DF8DD2 /* Debug */,
				DC100D911DEA962A00DF8DD2 /* Release */,
			);
			defaultConfigurationIsVisible = 0;
			defaultConfigurationName = Release;
		};
		DC100D921DEA962A00DF8DD2 /* Build configuration list for PBXNativeTarget "HoatCanh" */ = {
			isa = XCConfigurationList;
			buildConfigurations = (
				DC100D931DEA962A00DF8DD2 /* Debug */,
				DC100D941DEA962A00DF8DD2 /* Release */,
			);
			defaultConfigurationIsVisible = 0;
		};
/* End XCConfigurationList section */
	};
	rootObject = DC100D781DEA962A00DF8DD2 /* Project object */;
}
